PODS:
  - Alamofire (4.9.1)
  - Kingfisher (4.10.1)
  - MJRefresh (3.2.3)
  - SnapKit (4.2.0)

DEPENDENCIES:
  - Alamofire
  - Kingfisher
  - MJRefresh
  - SnapKit

SPEC REPOS:
  https://github.com/CocoaPods/Specs.git:
    - Alamofire
    - Kingfisher
    - MJRefresh
    - SnapKit

SPEC CHECKSUMS:
  Alamofire: 85e8a02c69d6020a0d734f6054870d7ecb75cf18
  Kingfisher: c148cd7b47ebde9989f6bc7c27dcaa79d81279a0
  MJRefresh: 2b1214a2dc8f4df4c5dcb028ea2ad4e245425fb7
  SnapKit: fe8a619752f3f27075cc9a90244d75c6c3f27e2a

PODFILE CHECKSUM: e75bcc7ea84d21b50d70de1fe2a4a815ffbed753

COCOAPODS: 1.8.4
